
Microsoft Visual Studio Solution File, Format Version 12.00
# Visual Studio Version 17
VisualStudioVersion = 17.0.31903.59
MinimumVisualStudioVersion = 10.0.40219.1
Project("{FAE04EC0-301F-11D3-BF4B-00C04F79EFBC}") = "API", "API\API.csproj", "{8E87BB1E-17CC-4BED-894A-2489C0340C58}"
EndProject
Project("{FAE04EC0-301F-11D3-BF4B-00C04F79EFBC}") = "Core", "Core\Core.csproj", "{2FE68D9A-DAB0-4B09-A168-269BFBF7CEC3}"
EndProject
Project("{FAE04EC0-301F-11D3-BF4B-00C04F79EFBC}") = "Infrastructure", "Infrastructure\Infrastructure.csproj", "{3ADC46DF-FBD0-43E9-A9AE-02921E537C19}"
EndProject
Global
	GlobalSection(SolutionConfigurationPlatforms) = preSolution
		Debug|Any CPU = Debug|Any CPU
		Release|Any CPU = Release|Any CPU
	EndGlobalSection
	GlobalSection(SolutionProperties) = preSolution
		HideSolutionNode = FALSE
	EndGlobalSection
	GlobalSection(ProjectConfigurationPlatforms) = postSolution
		{8E87BB1E-17CC-4BED-894A-2489C0340C58}.Debug|Any CPU.ActiveCfg = Debug|Any CPU
		{8E87BB1E-17CC-4BED-894A-2489C0340C58}.Debug|Any CPU.Build.0 = Debug|Any CPU
		{8E87BB1E-17CC-4BED-894A-2489C0340C58}.Release|Any CPU.ActiveCfg = Release|Any CPU
		{8E87BB1E-17CC-4BED-894A-2489C0340C58}.Release|Any CPU.Build.0 = Release|Any CPU
		{2FE68D9A-DAB0-4B09-A168-269BFBF7CEC3}.Debug|Any CPU.ActiveCfg = Debug|Any CPU
		{2FE68D9A-DAB0-4B09-A168-269BFBF7CEC3}.Debug|Any CPU.Build.0 = Debug|Any CPU
		{2FE68D9A-DAB0-4B09-A168-269BFBF7CEC3}.Release|Any CPU.ActiveCfg = Release|Any CPU
		{2FE68D9A-DAB0-4B09-A168-269BFBF7CEC3}.Release|Any CPU.Build.0 = Release|Any CPU
		{3ADC46DF-FBD0-43E9-A9AE-02921E537C19}.Debug|Any CPU.ActiveCfg = Debug|Any CPU
		{3ADC46DF-FBD0-43E9-A9AE-02921E537C19}.Debug|Any CPU.Build.0 = Debug|Any CPU
		{3ADC46DF-FBD0-43E9-A9AE-02921E537C19}.Release|Any CPU.ActiveCfg = Release|Any CPU
		{3ADC46DF-FBD0-43E9-A9AE-02921E537C19}.Release|Any CPU.Build.0 = Release|Any CPU
	EndGlobalSection
EndGlobal
